
Microsoft Visual Studio Solution File, Format Version 12.00
# Visual Studio Version 17
VisualStudioVersion = 17.0.32112.339
MinimumVisualStudioVersion = 10.0.40219.1
Project("{FAE04EC0-301F-11D3-BF4B-00C04F79EFBC}") = "GestaodeEquipamentosAcademiadoProgramador.ConsoleApp", "GestaodeEquipamentosAcademiadoProgramador.ConsoleApp\GestaodeEquipamentosAcademiadoProgramador.ConsoleApp.csproj", "{179C3353-7578-4185-B893-AA98C044FA5B}"
EndProject
Global
	GlobalSection(SolutionConfigurationPlatforms) = preSolution
		Debug|Any CPU = Debug|Any CPU
		Release|Any CPU = Release|Any CPU
	EndGlobalSection
	GlobalSection(ProjectConfigurationPlatforms) = postSolution
		{179C3353-7578-4185-B893-AA98C044FA5B}.Debug|Any CPU.ActiveCfg = Debug|Any CPU
		{179C3353-7578-4185-B893-AA98C044FA5B}.Debug|Any CPU.Build.0 = Debug|Any CPU
		{179C3353-7578-4185-B893-AA98C044FA5B}.Release|Any CPU.ActiveCfg = Release|Any CPU
		{179C3353-7578-4185-B893-AA98C044FA5B}.Release|Any CPU.Build.0 = Release|Any CPU
	EndGlobalSection
	GlobalSection(SolutionProperties) = preSolution
		HideSolutionNode = FALSE
	EndGlobalSection
	GlobalSection(ExtensibilityGlobals) = postSolution
		SolutionGuid = {1D0A3F82-6F0B-48A2-AEDE-216BD17E95C4}
	EndGlobalSection
EndGlobal
